
Microsoft Visual Studio Solution File, Format Version 12.00
# Visual Studio Version 16
VisualStudioVersion = 16.0.31129.286
MinimumVisualStudioVersion = 10.0.40219.1
Project("{FAE04EC0-301F-11D3-BF4B-00C04F79EFBC}") = "TradingLibrary", "TradingLibrary\TradingLibrary.csproj", "{FD49F033-D6F3-4457-A31E-49E1AFE27748}"
EndProject
Project("{FAE04EC0-301F-11D3-BF4B-00C04F79EFBC}") = "TestTradingLibrary", "TestTradingLibrary\TestTradingLibrary.csproj", "{57392CD5-4BFA-40D9-B884-4443154657C9}"
EndProject
Global
	GlobalSection(SolutionConfigurationPlatforms) = preSolution
		Debug|Any CPU = Debug|Any CPU
		Release|Any CPU = Release|Any CPU
	EndGlobalSection
	GlobalSection(ProjectConfigurationPlatforms) = postSolution
		{FD49F033-D6F3-4457-A31E-49E1AFE27748}.Debug|Any CPU.ActiveCfg = Debug|Any CPU
		{FD49F033-D6F3-4457-A31E-49E1AFE27748}.Debug|Any CPU.Build.0 = Debug|Any CPU
		{FD49F033-D6F3-4457-A31E-49E1AFE27748}.Release|Any CPU.ActiveCfg = Release|Any CPU
		{FD49F033-D6F3-4457-A31E-49E1AFE27748}.Release|Any CPU.Build.0 = Release|Any CPU
		{57392CD5-4BFA-40D9-B884-4443154657C9}.Debug|Any CPU.ActiveCfg = Debug|Any CPU
		{57392CD5-4BFA-40D9-B884-4443154657C9}.Debug|Any CPU.Build.0 = Debug|Any CPU
		{57392CD5-4BFA-40D9-B884-4443154657C9}.Release|Any CPU.ActiveCfg = Release|Any CPU
		{57392CD5-4BFA-40D9-B884-4443154657C9}.Release|Any CPU.Build.0 = Release|Any CPU
	EndGlobalSection
	GlobalSection(SolutionProperties) = preSolution
		HideSolutionNode = FALSE
	EndGlobalSection
	GlobalSection(ExtensibilityGlobals) = postSolution
		SolutionGuid = {72015947-745C-47D3-B485-2F64B05DC599}
	EndGlobalSection
EndGlobal
